// !$*UTF8*$!
{
	archiveVersion = 1;
	classes = {
	};
	objectVersion = 50;
	objects = {

/* Begin PBXBuildFile section */
		09E126B923EDDC4300E8FFCF /* AppDelegate.swift in Sources */ = {isa = PBXBuildFile; fileRef = 09E126B823EDDC4300E8FFCF /* AppDelegate.swift */; };
		09E126BB23EDDC4300E8FFCF /* SceneDelegate.swift in Sources */ = {isa = PBXBuildFile; fileRef = 09E126BA23EDDC4300E8FFCF /* SceneDelegate.swift */; };
		09E126BD23EDDC4300E8FFCF /* ViewController.swift in Sources */ = {isa = PBXBuildFile; fileRef = 09E126BC23EDDC4300E8FFCF /* ViewController.swift */; };
		09E126C023EDDC4300E8FFCF /* Main.storyboard in Resources */ = {isa = PBXBuildFile; fileRef = 09E126BE23EDDC4300E8FFCF /* Main.storyboard */; };
		09E126C223EDDC4400E8FFCF /* Assets.xcassets in Resources */ = {isa = PBXBuildFile; fileRef = 09E126C123EDDC4400E8FFCF /* Assets.xcassets */; };
		09E126C523EDDC4400E8FFCF /* LaunchScreen.storyboard in Resources */ = {isa = PBXBuildFile; fileRef = 09E126C323EDDC4400E8FFCF /* LaunchScreen.storyboard */; };
/* End PBXBuildFile section */

/* Begin PBXFileReference section */
		09E126B523EDDC4300E8FFCF /* LiXi.app */ = {isa = PBXFileReference; explicitFileType = wrapper.application; includeInIndex = 0; path = LiXi.app; sourceTree = BUILT_PRODUCTS_DIR; };
		09E126B823EDDC4300E8FFCF /* AppDelegate.swift */ = {isa = PBXFileReference; lastKnownFileType = sourcecode.swift; path = AppDelegate.swift; sourceTree = "<group>"; };
		09E126BA23EDDC4300E8FFCF /* SceneDelegate.swift */ = {isa = PBXFileReference; lastKnownFileType = sourcecode.swift; path = SceneDelegate.swift; sourceTree = "<group>"; };
		09E126BC23EDDC4300E8FFCF /* ViewController.swift */ = {isa = PBXFileReference; lastKnownFileType = sourcecode.swift; path = ViewController.swift; sourceTree = "<group>"; };
		09E126BF23EDDC4300E8FFCF /* Base */ = {isa = PBXFileReference; lastKnownFileType = file.storyboard; name = Base; path = Base.lproj/Main.storyboard; sourceTree = "<group>"; };
		09E126C123EDDC4400E8FFCF /* Assets.xcassets */ = {isa = PBXFileReference; lastKnownFileType = folder.assetcatalog; path = Assets.xcassets; sourceTree = "<group>"; };
		09E126C423EDDC4400E8FFCF /* Base */ = {isa = PBXFileReference; lastKnownFileType = file.storyboard; name = Base; path = Base.lproj/LaunchScreen.storyboard; sourceTree = "<group>"; };
		09E126C623EDDC4400E8FFCF /* Info.plist */ = {isa = PBXFileReference; lastKnownFileType = text.plist.xml; path = Info.plist; sourceTree = "<group>"; };
/* End PBXFileReference section */

/* Begin PBXFrameworksBuildPhase section */
		09E126B223EDDC4300E8FFCF /* Frameworks */ = {
			isa = PBXFrameworksBuildPhase;
			buildActionMask = 2147483647;
			files = (
			);
			runOnlyForDeploymentPostprocessing = 0;
		};
/* End PBXFrameworksBuildPhase section */

/* Begin PBXGroup section */
		09E126AC23EDDC4200E8FFCF = {
			isa = PBXGroup;
			children = (
				09E126B723EDDC4300E8FFCF /* LiXi */,
				09E126B623EDDC4300E8FFCF /* Products */,
			);
			sourceTree = "<group>";
		};
		09E126B623EDDC4300E8FFCF /* Products */ = {
			isa = PBXGroup;
			children = (
				09E126B523EDDC4300E8FFCF /* LiXi.app */,
			);
			name = Products;
			sourceTree = "<group>";
		};
		09E126B723EDDC4300E8FFCF /* LiXi */ = {
			isa = PBXGroup;
			children = (
				09E126B823EDDC4300E8FFCF /* AppDelegate.swift */,
				09E126BA23EDDC4300E8FFCF /* SceneDelegate.swift */,
				09E126BC23EDDC4300E8FFCF /* ViewController.swift */,
				09E126BE23EDDC4300E8FFCF /* Main.storyboard */,
				09E126C123EDDC4400E8FFCF /* Assets.xcassets */,
				09E126C323EDDC4400E8FFCF /* LaunchScreen.storyboard */,
				09E126C623EDDC4400E8FFCF /* Info.plist */,
			);
			path = LiXi;
			sourceTree = "<group>";
		};
/* End PBXGroup section */

/* Begin PBXNativeTarget section */
		09E126B423EDDC4300E8FFCF /* LiXi */ = {
			isa = PBXNativeTarget;
			buildConfigurationList = 09E126C923EDDC4400E8FFCF /* Build configuration list for PBXNativeTarget "LiXi" */;
			buildPhases = (
				09E126B123EDDC4300E8FFCF /* Sources */,
				09E126B223EDDC4300E8FFCF /* Frameworks */,
				09E126B323EDDC4300E8FFCF /* Resources */,
			);
			buildRules = (
			);
			dependencies = (
			);
			name = LiXi;
			productName = LiXi;
			productReference = 09E126B523EDDC4300E8FFCF /* LiXi.app */;
			productType = "com.apple.product-type.application";
		};
/* End PBXNativeTarget section */

/* Begin PBXProject section */
		09E126AD23EDDC4300E8FFCF /* Project object */ = {
			isa = PBXProject;
			attributes = {
				LastSwiftUpdateCheck = 1130;
				LastUpgradeCheck = 1130;
				ORGANIZATIONNAME = guntex01;
				TargetAttributes = {
					09E126B423EDDC4300E8FFCF = {
						CreatedOnToolsVersion = 11.3;
					};
				};
			};
			buildConfigurationList = 09E126B023EDDC4300E8FFCF /* Build configuration list for PBXProject "LiXi" */;
			compatibilityVersion = "Xcode 9.3";
			developmentRegion = en;
			hasScannedForEncodings = 0;
			knownRegions = (
				en,
				Base,
			);
			mainGroup = 09E126AC23EDDC4200E8FFCF;
			productRefGroup = 09E126B623EDDC4300E8FFCF /* Products */;
			projectDirPath = "";
			projectRoot = "";
			targets = (
				09E126B423EDDC4300E8FFCF /* LiXi */,
			);
		};
/* End PBXProject section */

/* Begin PBXResourcesBuildPhase section */
		09E126B323EDDC4300E8FFCF /* Resources */ = {
			isa = PBXResourcesBuildPhase;
			buildActionMask = 2147483647;
			files = (
				09E126C523EDDC4400E8FFCF /* LaunchScreen.storyboard in Resources */,
				09E126C223EDDC4400E8FFCF /* Assets.xcassets in Resources */,
				09E126C023EDDC4300E8FFCF /* Main.storyboard in Resources */,
			);
			runOnlyForDeploymentPostprocessing = 0;
		};
/* End PBXResourcesBuildPhase section */

/* Begin PBXSourcesBuildPhase section */
		09E126B123EDDC4300E8FFCF /* Sources */ = {
			isa = PBXSourcesBuildPhase;
			buildActionMask = 2147483647;
			files = (
				09E126BD23EDDC4300E8FFCF /* ViewController.swift in Sources */,
				09E126B923EDDC4300E8FFCF /* AppDelegate.swift in Sources */,
				09E126BB23EDDC4300E8FFCF /* SceneDelegate.swift in Sources */,
			);
			runOnlyForDeploymentPostprocessing = 0;
		};
/* End PBXSourcesBuildPhase section */

/* Begin PBXVariantGroup section */
		09E126BE23EDDC4300E8FFCF /* Main.storyboard */ = {
			isa = PBXVariantGroup;
			children = (
				09E126BF23EDDC4300E8FFCF /* Base */,
			);
			name = Main.storyboard;
			sourceTree = "<group>";
		};
		09E126C323EDDC4400E8FFCF /* LaunchScreen.storyboard */ = {
			isa = PBXVariantGroup;
			children = (
				09E126C423EDDC4400E8FFCF /* Base */,
			);
			name = LaunchScreen.storyboard;
			sourceTree = "<group>";
		};
/* End PBXVariantGroup section */

/* Begin XCBuildConfiguration section */
		09E126C723EDDC4400E8FFCF /* Debug */ = {
			isa = XCBuildConfiguration;
			buildSettings = {
				ALWAYS_SEARCH_USER_PATHS = NO;
				CLANG_ANALYZER_NONNULL = YES;
				CLANG_ANALYZER_NUMBER_OBJECT_CONVERSION = YES_AGGRESSIVE;
				CLANG_CXX_LANGUAGE_STANDARD = "gnu++14";
				CLANG_CXX_LIBRARY = "libc++";
				CLANG_ENABLE_MODULES = YES;
				CLANG_ENABLE_OBJC_ARC = YES;
				CLANG_ENABLE_OBJC_WEAK = YES;
				CLANG_WARN_BLOCK_CAPTURE_AUTORELEASING = YES;
				CLANG_WARN_BOOL_CONVERSION = YES;
				CLANG_WARN_COMMA = YES;
				CLANG_WARN_CONSTANT_CONVERSION = YES;
				CLANG_WARN_DEPRECATED_OBJC_IMPLEMENTATIONS = YES;
				CLANG_WARN_DIRECT_OBJC_ISA_USAGE = YES_ERROR;
				CLANG_WARN_DOCUMENTATION_COMMENTS = YES;
				CLANG_WARN_EMPTY_BODY = YES;
				CLANG_WARN_ENUM_CONVERSION = YES;
				CLANG_WARN_INFINITE_RECURSION = YES;
				CLANG_WARN_INT_CONVERSION = YES;
				CLANG_WARN_NON_LITERAL_NULL_CONVERSION = YES;
				CLANG_WARN_OBJC_IMPLICIT_RETAIN_SELF = YES;
				CLANG_WARN_OBJC_LITERAL_CONVERSION = YES;
				CLANG_WARN_OBJC_ROOT_CLASS = YES_ERROR;
				CLANG_WARN_RANGE_LOOP_ANALYSIS = YES;
				CLANG_WARN_STRICT_PROTOTYPES = YES;
				CLANG_WARN_SUSPICIOUS_MOVE = YES;
				CLANG_WARN_UNGUARDED_AVAILABILITY = YES_AGGRESSIVE;
				CLANG_WARN_UNREACHABLE_CODE = YES;
				CLANG_WARN__DUPLICATE_METHOD_MATCH = YES;
				COPY_PHASE_STRIP = NO;
				DEBUG_INFORMATION_FORMAT = dwarf;
				ENABLE_STRICT_OBJC_MSGSEND = YES;
				ENABLE_TESTABILITY = YES;
				GCC_C_LANGUAGE_STANDARD = gnu11;
				GCC_DYNAMIC_NO_PIC = NO;
				GCC_NO_COMMON_BLOCKS = YES;
				GCC_OPTIMIZATION_LEVEL = 0;
				GCC_PREPROCESSOR_DEFINITIONS = (
					"DEBUG=1",
					"$(inherited)",
				);
				GCC_WARN_64_TO_32_BIT_CONVERSION = YES;
				GCC_WARN_ABOUT_RETURN_TYPE = YES_ERROR;
				GCC_WARN_UNDECLARED_SELECTOR = YES;
				GCC_WARN_UNINITIALIZED_AUTOS = YES_AGGRESSIVE;
				GCC_WARN_UNUSED_FUNCTION = YES;
				GCC_WARN_UNUSED_VARIABLE = YES;
				IPHONEOS_DEPLOYMENT_TARGET = 13.2;
				MTL_ENABLE_DEBUG_INFO = INCLUDE_SOURCE;
				MTL_FAST_MATH = YES;
				ONLY_ACTIVE_ARCH = YES;
				SDKROOT = iphoneos;
				SWIFT_ACTIVE_COMPILATION_CONDITIONS = DEBUG;
				SWIFT_OPTIMIZATION_LEVEL = "-Onone";
			};
			name = Debug;
		};
		09E126C823EDDC4400E8FFCF /* Release */ = {
			isa = XCBuildConfiguration;
			buildSettings = {
				ALWAYS_SEARCH_USER_PATHS = NO;
				CLANG_ANALYZER_NONNULL = YES;
				CLANG_ANALYZER_NUMBER_OBJECT_CONVERSION = YES_AGGRESSIVE;
				CLANG_CXX_LANGUAGE_STANDARD = "gnu++14";
				CLANG_CXX_LIBRARY = "libc++";
				CLANG_ENABLE_MODULES = YES;
				CLANG_ENABLE_OBJC_ARC = YES;
				CLANG_ENABLE_OBJC_WEAK = YES;
				CLANG_WARN_BLOCK_CAPTURE_AUTORELEASING = YES;
				CLANG_WARN_BOOL_CONVERSION = YES;
				CLANG_WARN_COMMA = YES;
				CLANG_WARN_CONSTANT_CONVERSION = YES;
				CLANG_WARN_DEPRECATED_OBJC_IMPLEMENTATIONS = YES;
				CLANG_WARN_DIRECT_OBJC_ISA_USAGE = YES_ERROR;
				CLANG_WARN_DOCUMENTATION_COMMENTS = YES;
				CLANG_WARN_EMPTY_BODY = YES;
				CLANG_WARN_ENUM_CONVERSION = YES;
				CLANG_WARN_INFINITE_RECURSION = YES;
				CLANG_WARN_INT_CONVERSION = YES;
				CLANG_WARN_NON_LITERAL_NULL_CONVERSION = YES;
				CLANG_WARN_OBJC_IMPLICIT_RETAIN_SELF = YES;
				CLANG_WARN_OBJC_LITERAL_CONVERSION = YES;
				CLANG_WARN_OBJC_ROOT_CLASS = YES_ERROR;
				CLANG_WARN_RANGE_LOOP_ANALYSIS = YES;
				CLANG_WARN_STRICT_PROTOTYPES = YES;
				CLANG_WARN_SUSPICIOUS_MOVE = YES;
				CLANG_WARN_UNGUARDED_AVAILABILITY = YES_AGGRESSIVE;
				CLANG_WARN_UNREACHABLE_CODE = YES;
				CLANG_WARN__DUPLICATE_METHOD_MATCH = YES;
				COPY_PHASE_STRIP = NO;
				DEBUG_INFORMATION_FORMAT = "dwarf-with-dsym";
				ENABLE_NS_ASSERTIONS = NO;
				ENABLE_STRICT_OBJC_MSGSEND = YES;
				GCC_C_LANGUAGE_STANDARD = gnu11;
				GCC_NO_COMMON_BLOCKS = YES;
				GCC_WARN_64_TO_32_BIT_CONVERSION = YES;
				GCC_WARN_ABOUT_RETURN_TYPE = YES_ERROR;
				GCC_WARN_UNDECLARED_SELECTOR = YES;
				GCC_WARN_UNINITIALIZED_AUTOS = YES_AGGRESSIVE;
				GCC_WARN_UNUSED_FUNCTION = YES;
				GCC_WARN_UNUSED_VARIABLE = YES;
				IPHONEOS_DEPLOYMENT_TARGET = 13.2;
				MTL_ENABLE_DEBUG_INFO = NO;
				MTL_FAST_MATH = YES;
				SDKROOT = iphoneos;
				SWIFT_COMPILATION_MODE = wholemodule;
				SWIFT_OPTIMIZATION_LEVEL = "-O";
				VALIDATE_PRODUCT = YES;
			};
			name = Release;
		};
		09E126CA23EDDC4400E8FFCF /* Debug */ = {
			isa = XCBuildConfiguration;
			buildSettings = {
				ASSETCATALOG_COMPILER_APPICON_NAME = AppIcon;
				CODE_SIGN_STYLE = Automatic;
				INFOPLIST_FILE = LiXi/Info.plist;
				LD_RUNPATH_SEARCH_PATHS = (
					"$(inherited)",
					"@executable_path/Frameworks",
				);
				PRODUCT_BUNDLE_IDENTIFIER = com.kietmk.LiXi;
				PRODUCT_NAME = "$(TARGET_NAME)";
				SWIFT_VERSION = 5.0;
				TARGETED_DEVICE_FAMILY = "1,2";
			};
			name = Debug;
		};
		09E126CB23EDDC4400E8FFCF /* Release */ = {
			isa = XCBuildConfiguration;
			buildSettings = {
				ASSETCATALOG_COMPILER_APPICON_NAME = AppIcon;
				CODE_SIGN_STYLE = Automatic;
				INFOPLIST_FILE = LiXi/Info.plist;
				LD_RUNPATH_SEARCH_PATHS = (
					"$(inherited)",
					"@executable_path/Frameworks",
				);
				PRODUCT_BUNDLE_IDENTIFIER = com.kietmk.LiXi;
				PRODUCT_NAME = "$(TARGET_NAME)";
				SWIFT_VERSION = 5.0;
				TARGETED_DEVICE_FAMILY = "1,2";
			};
			name = Release;
		};
/* End XCBuildConfiguration section */

/* Begin XCConfigurationList section */
		09E126B023EDDC4300E8FFCF /* Build configuration list for PBXProject "LiXi" */ = {
			isa = XCConfigurationList;
			buildConfigurations = (
				09E126C723EDDC4400E8FFCF /* Debug */,
				09E126C823EDDC4400E8FFCF /* Release */,
			);
			defaultConfigurationIsVisible = 0;
			defaultConfigurationName = Release;
		};
		09E126C923EDDC4400E8FFCF /* Build configuration list for PBXNativeTarget "LiXi" */ = {
			isa = XCConfigurationList;
			buildConfigurations = (
				09E126CA23EDDC4400E8FFCF /* Debug */,
				09E126CB23EDDC4400E8FFCF /* Release */,
			);
			defaultConfigurationIsVisible = 0;
			defaultConfigurationName = Release;
		};
/* End XCConfigurationList section */
	};
	rootObject = 09E126AD23EDDC4300E8FFCF /* Project object */;
}
